
Microsoft Visual Studio Solution File, Format Version 12.00
# Visual Studio 2013
VisualStudioVersion = 12.0.30723.0
MinimumVisualStudioVersion = 10.0.40219.1
Project("{2150E333-8FDC-42A3-9474-1A3956D46DE8}") = "1.HellOwin", "1.HellOwin", "{1F346755-D10F-4315-A4ED-765F88D0FE3B}"
EndProject
Project("{2150E333-8FDC-42A3-9474-1A3956D46DE8}") = "2.SignalR", "2.SignalR", "{CDEEC112-680B-4889-884A-BD34A15C164A}"
EndProject
Project("{2150E333-8FDC-42A3-9474-1A3956D46DE8}") = "3.WebApi", "3.WebApi", "{92E13EBD-8BA4-4734-8742-7A5372FC10E5}"
EndProject
Project("{2150E333-8FDC-42A3-9474-1A3956D46DE8}") = "4.Middleware", "4.Middleware", "{06D84BDB-A1F6-4E2C-9874-3468780DB665}"
EndProject
Project("{FAE04EC0-301F-11D3-BF4B-00C04F79EFBC}") = "HelloOwinSelfHost", "HelloOwinSelfHost\HelloOwinSelfHost.csproj", "{A1588F3A-28C7-4D79-B5D6-E56D3F72DC00}"
EndProject
Project("{FAE04EC0-301F-11D3-BF4B-00C04F79EFBC}") = "SignalRSelfHost", "SignalRSelfHost\SignalRSelfHost.csproj", "{2A9A0FDA-FAE8-4B83-82DA-E6F54219A3DD}"
EndProject
Project("{FAE04EC0-301F-11D3-BF4B-00C04F79EFBC}") = "SignalR.WpfClient", "SignalR.WpfClient\SignalR.WpfClient.csproj", "{50B81DA4-6EF9-4223-9ECD-047024AF97A3}"
EndProject
Project("{FAE04EC0-301F-11D3-BF4B-00C04F79EFBC}") = "WepApi.SelfHost", "WepApi.SelfHost\WepApi.SelfHost.csproj", "{6EFBF5B2-C37B-4165-96A3-FBD21945D6AB}"
EndProject
Project("{FAE04EC0-301F-11D3-BF4B-00C04F79EFBC}") = "WepApi.SystemWeb", "WepApi.SystemWeb\WepApi.SystemWeb.csproj", "{F0CE5BEB-DE92-427B-87CC-1A5AF90752B4}"
EndProject
Project("{FAE04EC0-301F-11D3-BF4B-00C04F79EFBC}") = "WepApi.Test", "WepApi.Test\WepApi.Test.csproj", "{55954E0E-A077-4B9C-803A-926179924E30}"
EndProject
Project("{FAE04EC0-301F-11D3-BF4B-00C04F79EFBC}") = "Middleware", "Middleware\Middleware.csproj", "{85EAB74C-1D67-4A80-9475-BAAB2F44AE16}"
EndProject
Global
	GlobalSection(SolutionConfigurationPlatforms) = preSolution
		Debug|Any CPU = Debug|Any CPU
		Release|Any CPU = Release|Any CPU
	EndGlobalSection
	GlobalSection(ProjectConfigurationPlatforms) = postSolution
		{A1588F3A-28C7-4D79-B5D6-E56D3F72DC00}.Debug|Any CPU.ActiveCfg = Debug|Any CPU
		{A1588F3A-28C7-4D79-B5D6-E56D3F72DC00}.Debug|Any CPU.Build.0 = Debug|Any CPU
		{A1588F3A-28C7-4D79-B5D6-E56D3F72DC00}.Release|Any CPU.ActiveCfg = Release|Any CPU
		{A1588F3A-28C7-4D79-B5D6-E56D3F72DC00}.Release|Any CPU.Build.0 = Release|Any CPU
		{2A9A0FDA-FAE8-4B83-82DA-E6F54219A3DD}.Debug|Any CPU.ActiveCfg = Debug|Any CPU
		{2A9A0FDA-FAE8-4B83-82DA-E6F54219A3DD}.Debug|Any CPU.Build.0 = Debug|Any CPU
		{2A9A0FDA-FAE8-4B83-82DA-E6F54219A3DD}.Release|Any CPU.ActiveCfg = Release|Any CPU
		{2A9A0FDA-FAE8-4B83-82DA-E6F54219A3DD}.Release|Any CPU.Build.0 = Release|Any CPU
		{50B81DA4-6EF9-4223-9ECD-047024AF97A3}.Debug|Any CPU.ActiveCfg = Debug|Any CPU
		{50B81DA4-6EF9-4223-9ECD-047024AF97A3}.Debug|Any CPU.Build.0 = Debug|Any CPU
		{50B81DA4-6EF9-4223-9ECD-047024AF97A3}.Release|Any CPU.ActiveCfg = Release|Any CPU
		{50B81DA4-6EF9-4223-9ECD-047024AF97A3}.Release|Any CPU.Build.0 = Release|Any CPU
		{6EFBF5B2-C37B-4165-96A3-FBD21945D6AB}.Debug|Any CPU.ActiveCfg = Debug|Any CPU
		{6EFBF5B2-C37B-4165-96A3-FBD21945D6AB}.Debug|Any CPU.Build.0 = Debug|Any CPU
		{6EFBF5B2-C37B-4165-96A3-FBD21945D6AB}.Release|Any CPU.ActiveCfg = Release|Any CPU
		{6EFBF5B2-C37B-4165-96A3-FBD21945D6AB}.Release|Any CPU.Build.0 = Release|Any CPU
		{F0CE5BEB-DE92-427B-87CC-1A5AF90752B4}.Debug|Any CPU.ActiveCfg = Debug|Any CPU
		{F0CE5BEB-DE92-427B-87CC-1A5AF90752B4}.Debug|Any CPU.Build.0 = Debug|Any CPU
		{F0CE5BEB-DE92-427B-87CC-1A5AF90752B4}.Release|Any CPU.ActiveCfg = Release|Any CPU
		{F0CE5BEB-DE92-427B-87CC-1A5AF90752B4}.Release|Any CPU.Build.0 = Release|Any CPU
		{55954E0E-A077-4B9C-803A-926179924E30}.Debug|Any CPU.ActiveCfg = Debug|Any CPU
		{55954E0E-A077-4B9C-803A-926179924E30}.Debug|Any CPU.Build.0 = Debug|Any CPU
		{55954E0E-A077-4B9C-803A-926179924E30}.Release|Any CPU.ActiveCfg = Release|Any CPU
		{55954E0E-A077-4B9C-803A-926179924E30}.Release|Any CPU.Build.0 = Release|Any CPU
		{85EAB74C-1D67-4A80-9475-BAAB2F44AE16}.Debug|Any CPU.ActiveCfg = Debug|Any CPU
		{85EAB74C-1D67-4A80-9475-BAAB2F44AE16}.Debug|Any CPU.Build.0 = Debug|Any CPU
		{85EAB74C-1D67-4A80-9475-BAAB2F44AE16}.Release|Any CPU.ActiveCfg = Release|Any CPU
		{85EAB74C-1D67-4A80-9475-BAAB2F44AE16}.Release|Any CPU.Build.0 = Release|Any CPU
	EndGlobalSection
	GlobalSection(SolutionProperties) = preSolution
		HideSolutionNode = FALSE
	EndGlobalSection
	GlobalSection(NestedProjects) = preSolution
		{A1588F3A-28C7-4D79-B5D6-E56D3F72DC00} = {1F346755-D10F-4315-A4ED-765F88D0FE3B}
		{2A9A0FDA-FAE8-4B83-82DA-E6F54219A3DD} = {CDEEC112-680B-4889-884A-BD34A15C164A}
		{50B81DA4-6EF9-4223-9ECD-047024AF97A3} = {CDEEC112-680B-4889-884A-BD34A15C164A}
		{6EFBF5B2-C37B-4165-96A3-FBD21945D6AB} = {92E13EBD-8BA4-4734-8742-7A5372FC10E5}
		{F0CE5BEB-DE92-427B-87CC-1A5AF90752B4} = {92E13EBD-8BA4-4734-8742-7A5372FC10E5}
		{55954E0E-A077-4B9C-803A-926179924E30} = {92E13EBD-8BA4-4734-8742-7A5372FC10E5}
		{85EAB74C-1D67-4A80-9475-BAAB2F44AE16} = {06D84BDB-A1F6-4E2C-9874-3468780DB665}
	EndGlobalSection
EndGlobal
