
Microsoft Visual Studio Solution File, Format Version 12.00
# Visual Studio 15
VisualStudioVersion = 15.0.26730.8
MinimumVisualStudioVersion = 10.0.40219.1
Project("{9A19103F-16F7-4668-BE54-9A1E7A4F7556}") = "FaceDetector.Library", "FaceDetector.Library\FaceDetector.Library.csproj", "{BEC05340-2AC3-45B4-ABB8-D3C224A5EE77}"
EndProject
Project("{FAE04EC0-301F-11D3-BF4B-00C04F79EFBC}") = "FaceDetector.WPF", "FaceDetector.WPF\FaceDetector.WPF.csproj", "{127AA602-D8CE-4575-A079-C45C0653F99C}"
EndProject
Project("{FAE04EC0-301F-11D3-BF4B-00C04F79EFBC}") = "FaceDetector.Android", "FaceDetector.Android\FaceDetector.Android.csproj", "{99AB4195-FB00-4F65-A037-F5BFC0F7930A}"
EndProject
Project("{FAE04EC0-301F-11D3-BF4B-00C04F79EFBC}") = "FaceDetector.iOS", "FaceDetector.iOS\FaceDetector.iOS.csproj", "{C39E8CBD-8807-47E8-98C3-B0DB4F677209}"
EndProject
Project("{FAE04EC0-301F-11D3-BF4B-00C04F79EFBC}") = "FaceDetector.UWP", "FaceDetector.UWP\FaceDetector.UWP.csproj", "{2E41D109-AFFA-4EF8-B5D9-2BD7A0AC8F91}"
EndProject
Project("{9A19103F-16F7-4668-BE54-9A1E7A4F7556}") = "FaceDetector.XamarinForms", "FaceDetector.XamarinForms\FaceDetector.XamarinForms.csproj", "{89D8B8E8-3F7B-476F-99A8-1720E328B353}"
EndProject
Global
	GlobalSection(SolutionConfigurationPlatforms) = preSolution
		Ad-Hoc|Any CPU = Ad-Hoc|Any CPU
		Ad-Hoc|ARM = Ad-Hoc|ARM
		Ad-Hoc|iPhone = Ad-Hoc|iPhone
		Ad-Hoc|iPhoneSimulator = Ad-Hoc|iPhoneSimulator
		Ad-Hoc|x64 = Ad-Hoc|x64
		Ad-Hoc|x86 = Ad-Hoc|x86
		AppStore|Any CPU = AppStore|Any CPU
		AppStore|ARM = AppStore|ARM
		AppStore|iPhone = AppStore|iPhone
		AppStore|iPhoneSimulator = AppStore|iPhoneSimulator
		AppStore|x64 = AppStore|x64
		AppStore|x86 = AppStore|x86
		Debug|Any CPU = Debug|Any CPU
		Debug|ARM = Debug|ARM
		Debug|iPhone = Debug|iPhone
		Debug|iPhoneSimulator = Debug|iPhoneSimulator
		Debug|x64 = Debug|x64
		Debug|x86 = Debug|x86
		Release|Any CPU = Release|Any CPU
		Release|ARM = Release|ARM
		Release|iPhone = Release|iPhone
		Release|iPhoneSimulator = Release|iPhoneSimulator
		Release|x64 = Release|x64
		Release|x86 = Release|x86
	EndGlobalSection
	GlobalSection(ProjectConfigurationPlatforms) = postSolution
		{BEC05340-2AC3-45B4-ABB8-D3C224A5EE77}.Ad-Hoc|Any CPU.ActiveCfg = Debug|Any CPU
		{BEC05340-2AC3-45B4-ABB8-D3C224A5EE77}.Ad-Hoc|Any CPU.Build.0 = Debug|Any CPU
		{BEC05340-2AC3-45B4-ABB8-D3C224A5EE77}.Ad-Hoc|ARM.ActiveCfg = Debug|Any CPU
		{BEC05340-2AC3-45B4-ABB8-D3C224A5EE77}.Ad-Hoc|ARM.Build.0 = Debug|Any CPU
		{BEC05340-2AC3-45B4-ABB8-D3C224A5EE77}.Ad-Hoc|iPhone.ActiveCfg = Debug|Any CPU
		{BEC05340-2AC3-45B4-ABB8-D3C224A5EE77}.Ad-Hoc|iPhone.Build.0 = Debug|Any CPU
		{BEC05340-2AC3-45B4-ABB8-D3C224A5EE77}.Ad-Hoc|iPhoneSimulator.ActiveCfg = Debug|Any CPU
		{BEC05340-2AC3-45B4-ABB8-D3C224A5EE77}.Ad-Hoc|iPhoneSimulator.Build.0 = Debug|Any CPU
		{BEC05340-2AC3-45B4-ABB8-D3C224A5EE77}.Ad-Hoc|x64.ActiveCfg = Debug|Any CPU
		{BEC05340-2AC3-45B4-ABB8-D3C224A5EE77}.Ad-Hoc|x64.Build.0 = Debug|Any CPU
		{BEC05340-2AC3-45B4-ABB8-D3C224A5EE77}.Ad-Hoc|x86.ActiveCfg = Debug|Any CPU
		{BEC05340-2AC3-45B4-ABB8-D3C224A5EE77}.Ad-Hoc|x86.Build.0 = Debug|Any CPU
		{BEC05340-2AC3-45B4-ABB8-D3C224A5EE77}.AppStore|Any CPU.ActiveCfg = Debug|Any CPU
		{BEC05340-2AC3-45B4-ABB8-D3C224A5EE77}.AppStore|Any CPU.Build.0 = Debug|Any CPU
		{BEC05340-2AC3-45B4-ABB8-D3C224A5EE77}.AppStore|ARM.ActiveCfg = Debug|Any CPU
		{BEC05340-2AC3-45B4-ABB8-D3C224A5EE77}.AppStore|ARM.Build.0 = Debug|Any CPU
		{BEC05340-2AC3-45B4-ABB8-D3C224A5EE77}.AppStore|iPhone.ActiveCfg = Debug|Any CPU
		{BEC05340-2AC3-45B4-ABB8-D3C224A5EE77}.AppStore|iPhone.Build.0 = Debug|Any CPU
		{BEC05340-2AC3-45B4-ABB8-D3C224A5EE77}.AppStore|iPhoneSimulator.ActiveCfg = Debug|Any CPU
		{BEC05340-2AC3-45B4-ABB8-D3C224A5EE77}.AppStore|iPhoneSimulator.Build.0 = Debug|Any CPU
		{BEC05340-2AC3-45B4-ABB8-D3C224A5EE77}.AppStore|x64.ActiveCfg = Debug|Any CPU
		{BEC05340-2AC3-45B4-ABB8-D3C224A5EE77}.AppStore|x64.Build.0 = Debug|Any CPU
		{BEC05340-2AC3-45B4-ABB8-D3C224A5EE77}.AppStore|x86.ActiveCfg = Debug|Any CPU
		{BEC05340-2AC3-45B4-ABB8-D3C224A5EE77}.AppStore|x86.Build.0 = Debug|Any CPU
		{BEC05340-2AC3-45B4-ABB8-D3C224A5EE77}.Debug|Any CPU.ActiveCfg = Debug|Any CPU
		{BEC05340-2AC3-45B4-ABB8-D3C224A5EE77}.Debug|Any CPU.Build.0 = Debug|Any CPU
		{BEC05340-2AC3-45B4-ABB8-D3C224A5EE77}.Debug|ARM.ActiveCfg = Debug|Any CPU
		{BEC05340-2AC3-45B4-ABB8-D3C224A5EE77}.Debug|ARM.Build.0 = Debug|Any CPU
		{BEC05340-2AC3-45B4-ABB8-D3C224A5EE77}.Debug|iPhone.ActiveCfg = Debug|Any CPU
		{BEC05340-2AC3-45B4-ABB8-D3C224A5EE77}.Debug|iPhone.Build.0 = Debug|Any CPU
		{BEC05340-2AC3-45B4-ABB8-D3C224A5EE77}.Debug|iPhoneSimulator.ActiveCfg = Debug|Any CPU
		{BEC05340-2AC3-45B4-ABB8-D3C224A5EE77}.Debug|iPhoneSimulator.Build.0 = Debug|Any CPU
		{BEC05340-2AC3-45B4-ABB8-D3C224A5EE77}.Debug|x64.ActiveCfg = Debug|Any CPU
		{BEC05340-2AC3-45B4-ABB8-D3C224A5EE77}.Debug|x64.Build.0 = Debug|Any CPU
		{BEC05340-2AC3-45B4-ABB8-D3C224A5EE77}.Debug|x86.ActiveCfg = Debug|Any CPU
		{BEC05340-2AC3-45B4-ABB8-D3C224A5EE77}.Debug|x86.Build.0 = Debug|Any CPU
		{BEC05340-2AC3-45B4-ABB8-D3C224A5EE77}.Release|Any CPU.ActiveCfg = Release|Any CPU
		{BEC05340-2AC3-45B4-ABB8-D3C224A5EE77}.Release|Any CPU.Build.0 = Release|Any CPU
		{BEC05340-2AC3-45B4-ABB8-D3C224A5EE77}.Release|ARM.ActiveCfg = Release|Any CPU
		{BEC05340-2AC3-45B4-ABB8-D3C224A5EE77}.Release|ARM.Build.0 = Release|Any CPU
		{BEC05340-2AC3-45B4-ABB8-D3C224A5EE77}.Release|iPhone.ActiveCfg = Release|Any CPU
		{BEC05340-2AC3-45B4-ABB8-D3C224A5EE77}.Release|iPhone.Build.0 = Release|Any CPU
		{BEC05340-2AC3-45B4-ABB8-D3C224A5EE77}.Release|iPhoneSimulator.ActiveCfg = Release|Any CPU
		{BEC05340-2AC3-45B4-ABB8-D3C224A5EE77}.Release|iPhoneSimulator.Build.0 = Release|Any CPU
		{BEC05340-2AC3-45B4-ABB8-D3C224A5EE77}.Release|x64.ActiveCfg = Release|Any CPU
		{BEC05340-2AC3-45B4-ABB8-D3C224A5EE77}.Release|x64.Build.0 = Release|Any CPU
		{BEC05340-2AC3-45B4-ABB8-D3C224A5EE77}.Release|x86.ActiveCfg = Release|Any CPU
		{BEC05340-2AC3-45B4-ABB8-D3C224A5EE77}.Release|x86.Build.0 = Release|Any CPU
		{127AA602-D8CE-4575-A079-C45C0653F99C}.Ad-Hoc|Any CPU.ActiveCfg = Release|Any CPU
		{127AA602-D8CE-4575-A079-C45C0653F99C}.Ad-Hoc|Any CPU.Build.0 = Release|Any CPU
		{127AA602-D8CE-4575-A079-C45C0653F99C}.Ad-Hoc|ARM.ActiveCfg = Release|Any CPU
		{127AA602-D8CE-4575-A079-C45C0653F99C}.Ad-Hoc|ARM.Build.0 = Release|Any CPU
		{127AA602-D8CE-4575-A079-C45C0653F99C}.Ad-Hoc|iPhone.ActiveCfg = Release|Any CPU
		{127AA602-D8CE-4575-A079-C45C0653F99C}.Ad-Hoc|iPhone.Build.0 = Release|Any CPU
		{127AA602-D8CE-4575-A079-C45C0653F99C}.Ad-Hoc|iPhoneSimulator.ActiveCfg = Release|Any CPU
		{127AA602-D8CE-4575-A079-C45C0653F99C}.Ad-Hoc|iPhoneSimulator.Build.0 = Release|Any CPU
		{127AA602-D8CE-4575-A079-C45C0653F99C}.Ad-Hoc|x64.ActiveCfg = Release|Any CPU
		{127AA602-D8CE-4575-A079-C45C0653F99C}.Ad-Hoc|x64.Build.0 = Release|Any CPU
		{127AA602-D8CE-4575-A079-C45C0653F99C}.Ad-Hoc|x86.ActiveCfg = Release|Any CPU
		{127AA602-D8CE-4575-A079-C45C0653F99C}.Ad-Hoc|x86.Build.0 = Release|Any CPU
		{127AA602-D8CE-4575-A079-C45C0653F99C}.AppStore|Any CPU.ActiveCfg = Release|Any CPU
		{127AA602-D8CE-4575-A079-C45C0653F99C}.AppStore|Any CPU.Build.0 = Release|Any CPU
		{127AA602-D8CE-4575-A079-C45C0653F99C}.AppStore|ARM.ActiveCfg = Release|Any CPU
		{127AA602-D8CE-4575-A079-C45C0653F99C}.AppStore|ARM.Build.0 = Release|Any CPU
		{127AA602-D8CE-4575-A079-C45C0653F99C}.AppStore|iPhone.ActiveCfg = Release|Any CPU
		{127AA602-D8CE-4575-A079-C45C0653F99C}.AppStore|iPhone.Build.0 = Release|Any CPU
		{127AA602-D8CE-4575-A079-C45C0653F99C}.AppStore|iPhoneSimulator.ActiveCfg = Release|Any CPU
		{127AA602-D8CE-4575-A079-C45C0653F99C}.AppStore|iPhoneSimulator.Build.0 = Release|Any CPU
		{127AA602-D8CE-4575-A079-C45C0653F99C}.AppStore|x64.ActiveCfg = Release|Any CPU
		{127AA602-D8CE-4575-A079-C45C0653F99C}.AppStore|x64.Build.0 = Release|Any CPU
		{127AA602-D8CE-4575-A079-C45C0653F99C}.AppStore|x86.ActiveCfg = Release|Any CPU
		{127AA602-D8CE-4575-A079-C45C0653F99C}.AppStore|x86.Build.0 = Release|Any CPU
		{127AA602-D8CE-4575-A079-C45C0653F99C}.Debug|Any CPU.ActiveCfg = Debug|Any CPU
		{127AA602-D8CE-4575-A079-C45C0653F99C}.Debug|Any CPU.Build.0 = Debug|Any CPU
		{127AA602-D8CE-4575-A079-C45C0653F99C}.Debug|ARM.ActiveCfg = Debug|Any CPU
		{127AA602-D8CE-4575-A079-C45C0653F99C}.Debug|ARM.Build.0 = Debug|Any CPU
		{127AA602-D8CE-4575-A079-C45C0653F99C}.Debug|iPhone.ActiveCfg = Debug|Any CPU
		{127AA602-D8CE-4575-A079-C45C0653F99C}.Debug|iPhone.Build.0 = Debug|Any CPU
		{127AA602-D8CE-4575-A079-C45C0653F99C}.Debug|iPhoneSimulator.ActiveCfg = Debug|Any CPU
		{127AA602-D8CE-4575-A079-C45C0653F99C}.Debug|iPhoneSimulator.Build.0 = Debug|Any CPU
		{127AA602-D8CE-4575-A079-C45C0653F99C}.Debug|x64.ActiveCfg = Debug|Any CPU
		{127AA602-D8CE-4575-A079-C45C0653F99C}.Debug|x64.Build.0 = Debug|Any CPU
		{127AA602-D8CE-4575-A079-C45C0653F99C}.Debug|x86.ActiveCfg = Debug|Any CPU
		{127AA602-D8CE-4575-A079-C45C0653F99C}.Debug|x86.Build.0 = Debug|Any CPU
		{127AA602-D8CE-4575-A079-C45C0653F99C}.Release|Any CPU.ActiveCfg = Release|Any CPU
		{127AA602-D8CE-4575-A079-C45C0653F99C}.Release|Any CPU.Build.0 = Release|Any CPU
		{127AA602-D8CE-4575-A079-C45C0653F99C}.Release|ARM.ActiveCfg = Release|Any CPU
		{127AA602-D8CE-4575-A079-C45C0653F99C}.Release|ARM.Build.0 = Release|Any CPU
		{127AA602-D8CE-4575-A079-C45C0653F99C}.Release|iPhone.ActiveCfg = Release|Any CPU
		{127AA602-D8CE-4575-A079-C45C0653F99C}.Release|iPhone.Build.0 = Release|Any CPU
		{127AA602-D8CE-4575-A079-C45C0653F99C}.Release|iPhoneSimulator.ActiveCfg = Release|Any CPU
		{127AA602-D8CE-4575-A079-C45C0653F99C}.Release|iPhoneSimulator.Build.0 = Release|Any CPU
		{127AA602-D8CE-4575-A079-C45C0653F99C}.Release|x64.ActiveCfg = Release|Any CPU
		{127AA602-D8CE-4575-A079-C45C0653F99C}.Release|x64.Build.0 = Release|Any CPU
		{127AA602-D8CE-4575-A079-C45C0653F99C}.Release|x86.ActiveCfg = Release|Any CPU
		{127AA602-D8CE-4575-A079-C45C0653F99C}.Release|x86.Build.0 = Release|Any CPU
		{99AB4195-FB00-4F65-A037-F5BFC0F7930A}.Ad-Hoc|Any CPU.ActiveCfg = Release|Any CPU
		{99AB4195-FB00-4F65-A037-F5BFC0F7930A}.Ad-Hoc|Any CPU.Build.0 = Release|Any CPU
		{99AB4195-FB00-4F65-A037-F5BFC0F7930A}.Ad-Hoc|Any CPU.Deploy.0 = Release|Any CPU
		{99AB4195-FB00-4F65-A037-F5BFC0F7930A}.Ad-Hoc|ARM.ActiveCfg = Release|Any CPU
		{99AB4195-FB00-4F65-A037-F5BFC0F7930A}.Ad-Hoc|ARM.Build.0 = Release|Any CPU
		{99AB4195-FB00-4F65-A037-F5BFC0F7930A}.Ad-Hoc|ARM.Deploy.0 = Release|Any CPU
		{99AB4195-FB00-4F65-A037-F5BFC0F7930A}.Ad-Hoc|iPhone.ActiveCfg = Release|Any CPU
		{99AB4195-FB00-4F65-A037-F5BFC0F7930A}.Ad-Hoc|iPhone.Build.0 = Release|Any CPU
		{99AB4195-FB00-4F65-A037-F5BFC0F7930A}.Ad-Hoc|iPhone.Deploy.0 = Release|Any CPU
		{99AB4195-FB00-4F65-A037-F5BFC0F7930A}.Ad-Hoc|iPhoneSimulator.ActiveCfg = Release|Any CPU
		{99AB4195-FB00-4F65-A037-F5BFC0F7930A}.Ad-Hoc|iPhoneSimulator.Build.0 = Release|Any CPU
		{99AB4195-FB00-4F65-A037-F5BFC0F7930A}.Ad-Hoc|iPhoneSimulator.Deploy.0 = Release|Any CPU
		{99AB4195-FB00-4F65-A037-F5BFC0F7930A}.Ad-Hoc|x64.ActiveCfg = Release|Any CPU
		{99AB4195-FB00-4F65-A037-F5BFC0F7930A}.Ad-Hoc|x64.Build.0 = Release|Any CPU
		{99AB4195-FB00-4F65-A037-F5BFC0F7930A}.Ad-Hoc|x64.Deploy.0 = Release|Any CPU
		{99AB4195-FB00-4F65-A037-F5BFC0F7930A}.Ad-Hoc|x86.ActiveCfg = Release|Any CPU
		{99AB4195-FB00-4F65-A037-F5BFC0F7930A}.Ad-Hoc|x86.Build.0 = Release|Any CPU
		{99AB4195-FB00-4F65-A037-F5BFC0F7930A}.Ad-Hoc|x86.Deploy.0 = Release|Any CPU
		{99AB4195-FB00-4F65-A037-F5BFC0F7930A}.AppStore|Any CPU.ActiveCfg = Release|Any CPU
		{99AB4195-FB00-4F65-A037-F5BFC0F7930A}.AppStore|Any CPU.Build.0 = Release|Any CPU
		{99AB4195-FB00-4F65-A037-F5BFC0F7930A}.AppStore|Any CPU.Deploy.0 = Release|Any CPU
		{99AB4195-FB00-4F65-A037-F5BFC0F7930A}.AppStore|ARM.ActiveCfg = Release|Any CPU
		{99AB4195-FB00-4F65-A037-F5BFC0F7930A}.AppStore|ARM.Build.0 = Release|Any CPU
		{99AB4195-FB00-4F65-A037-F5BFC0F7930A}.AppStore|ARM.Deploy.0 = Release|Any CPU
		{99AB4195-FB00-4F65-A037-F5BFC0F7930A}.AppStore|iPhone.ActiveCfg = Release|Any CPU
		{99AB4195-FB00-4F65-A037-F5BFC0F7930A}.AppStore|iPhone.Build.0 = Release|Any CPU
		{99AB4195-FB00-4F65-A037-F5BFC0F7930A}.AppStore|iPhone.Deploy.0 = Release|Any CPU
		{99AB4195-FB00-4F65-A037-F5BFC0F7930A}.AppStore|iPhoneSimulator.ActiveCfg = Release|Any CPU
		{99AB4195-FB00-4F65-A037-F5BFC0F7930A}.AppStore|iPhoneSimulator.Build.0 = Release|Any CPU
		{99AB4195-FB00-4F65-A037-F5BFC0F7930A}.AppStore|iPhoneSimulator.Deploy.0 = Release|Any CPU
		{99AB4195-FB00-4F65-A037-F5BFC0F7930A}.AppStore|x64.ActiveCfg = Release|Any CPU
		{99AB4195-FB00-4F65-A037-F5BFC0F7930A}.AppStore|x64.Build.0 = Release|Any CPU
		{99AB4195-FB00-4F65-A037-F5BFC0F7930A}.AppStore|x64.Deploy.0 = Release|Any CPU
		{99AB4195-FB00-4F65-A037-F5BFC0F7930A}.AppStore|x86.ActiveCfg = Release|Any CPU
		{99AB4195-FB00-4F65-A037-F5BFC0F7930A}.AppStore|x86.Build.0 = Release|Any CPU
		{99AB4195-FB00-4F65-A037-F5BFC0F7930A}.AppStore|x86.Deploy.0 = Release|Any CPU
		{99AB4195-FB00-4F65-A037-F5BFC0F7930A}.Debug|Any CPU.ActiveCfg = Debug|Any CPU
		{99AB4195-FB00-4F65-A037-F5BFC0F7930A}.Debug|Any CPU.Build.0 = Debug|Any CPU
		{99AB4195-FB00-4F65-A037-F5BFC0F7930A}.Debug|Any CPU.Deploy.0 = Debug|Any CPU
		{99AB4195-FB00-4F65-A037-F5BFC0F7930A}.Debug|ARM.ActiveCfg = Debug|Any CPU
		{99AB4195-FB00-4F65-A037-F5BFC0F7930A}.Debug|ARM.Build.0 = Debug|Any CPU
		{99AB4195-FB00-4F65-A037-F5BFC0F7930A}.Debug|ARM.Deploy.0 = Debug|Any CPU
		{99AB4195-FB00-4F65-A037-F5BFC0F7930A}.Debug|iPhone.ActiveCfg = Debug|Any CPU
		{99AB4195-FB00-4F65-A037-F5BFC0F7930A}.Debug|iPhone.Build.0 = Debug|Any CPU
		{99AB4195-FB00-4F65-A037-F5BFC0F7930A}.Debug|iPhone.Deploy.0 = Debug|Any CPU
		{99AB4195-FB00-4F65-A037-F5BFC0F7930A}.Debug|iPhoneSimulator.ActiveCfg = Debug|Any CPU
		{99AB4195-FB00-4F65-A037-F5BFC0F7930A}.Debug|iPhoneSimulator.Build.0 = Debug|Any CPU
		{99AB4195-FB00-4F65-A037-F5BFC0F7930A}.Debug|iPhoneSimulator.Deploy.0 = Debug|Any CPU
		{99AB4195-FB00-4F65-A037-F5BFC0F7930A}.Debug|x64.ActiveCfg = Debug|Any CPU
		{99AB4195-FB00-4F65-A037-F5BFC0F7930A}.Debug|x64.Build.0 = Debug|Any CPU
		{99AB4195-FB00-4F65-A037-F5BFC0F7930A}.Debug|x64.Deploy.0 = Debug|Any CPU
		{99AB4195-FB00-4F65-A037-F5BFC0F7930A}.Debug|x86.ActiveCfg = Debug|Any CPU
		{99AB4195-FB00-4F65-A037-F5BFC0F7930A}.Debug|x86.Build.0 = Debug|Any CPU
		{99AB4195-FB00-4F65-A037-F5BFC0F7930A}.Debug|x86.Deploy.0 = Debug|Any CPU
		{99AB4195-FB00-4F65-A037-F5BFC0F7930A}.Release|Any CPU.ActiveCfg = Release|Any CPU
		{99AB4195-FB00-4F65-A037-F5BFC0F7930A}.Release|Any CPU.Build.0 = Release|Any CPU
		{99AB4195-FB00-4F65-A037-F5BFC0F7930A}.Release|Any CPU.Deploy.0 = Release|Any CPU
		{99AB4195-FB00-4F65-A037-F5BFC0F7930A}.Release|ARM.ActiveCfg = Release|Any CPU
		{99AB4195-FB00-4F65-A037-F5BFC0F7930A}.Release|ARM.Build.0 = Release|Any CPU
		{99AB4195-FB00-4F65-A037-F5BFC0F7930A}.Release|ARM.Deploy.0 = Release|Any CPU
		{99AB4195-FB00-4F65-A037-F5BFC0F7930A}.Release|iPhone.ActiveCfg = Release|Any CPU
		{99AB4195-FB00-4F65-A037-F5BFC0F7930A}.Release|iPhone.Build.0 = Release|Any CPU
		{99AB4195-FB00-4F65-A037-F5BFC0F7930A}.Release|iPhone.Deploy.0 = Release|Any CPU
		{99AB4195-FB00-4F65-A037-F5BFC0F7930A}.Release|iPhoneSimulator.ActiveCfg = Release|Any CPU
		{99AB4195-FB00-4F65-A037-F5BFC0F7930A}.Release|iPhoneSimulator.Build.0 = Release|Any CPU
		{99AB4195-FB00-4F65-A037-F5BFC0F7930A}.Release|iPhoneSimulator.Deploy.0 = Release|Any CPU
		{99AB4195-FB00-4F65-A037-F5BFC0F7930A}.Release|x64.ActiveCfg = Release|Any CPU
		{99AB4195-FB00-4F65-A037-F5BFC0F7930A}.Release|x64.Build.0 = Release|Any CPU
		{99AB4195-FB00-4F65-A037-F5BFC0F7930A}.Release|x64.Deploy.0 = Release|Any CPU
		{99AB4195-FB00-4F65-A037-F5BFC0F7930A}.Release|x86.ActiveCfg = Release|Any CPU
		{99AB4195-FB00-4F65-A037-F5BFC0F7930A}.Release|x86.Build.0 = Release|Any CPU
		{99AB4195-FB00-4F65-A037-F5BFC0F7930A}.Release|x86.Deploy.0 = Release|Any CPU
		{C39E8CBD-8807-47E8-98C3-B0DB4F677209}.Ad-Hoc|Any CPU.ActiveCfg = Ad-Hoc|iPhone
		{C39E8CBD-8807-47E8-98C3-B0DB4F677209}.Ad-Hoc|ARM.ActiveCfg = Ad-Hoc|iPhone
		{C39E8CBD-8807-47E8-98C3-B0DB4F677209}.Ad-Hoc|iPhone.ActiveCfg = Ad-Hoc|iPhone
		{C39E8CBD-8807-47E8-98C3-B0DB4F677209}.Ad-Hoc|iPhone.Build.0 = Ad-Hoc|iPhone
		{C39E8CBD-8807-47E8-98C3-B0DB4F677209}.Ad-Hoc|iPhoneSimulator.ActiveCfg = Ad-Hoc|iPhoneSimulator
		{C39E8CBD-8807-47E8-98C3-B0DB4F677209}.Ad-Hoc|iPhoneSimulator.Build.0 = Ad-Hoc|iPhoneSimulator
		{C39E8CBD-8807-47E8-98C3-B0DB4F677209}.Ad-Hoc|x64.ActiveCfg = Ad-Hoc|iPhone
		{C39E8CBD-8807-47E8-98C3-B0DB4F677209}.Ad-Hoc|x86.ActiveCfg = Ad-Hoc|iPhone
		{C39E8CBD-8807-47E8-98C3-B0DB4F677209}.AppStore|Any CPU.ActiveCfg = AppStore|iPhone
		{C39E8CBD-8807-47E8-98C3-B0DB4F677209}.AppStore|ARM.ActiveCfg = AppStore|iPhone
		{C39E8CBD-8807-47E8-98C3-B0DB4F677209}.AppStore|iPhone.ActiveCfg = AppStore|iPhone
		{C39E8CBD-8807-47E8-98C3-B0DB4F677209}.AppStore|iPhone.Build.0 = AppStore|iPhone
		{C39E8CBD-8807-47E8-98C3-B0DB4F677209}.AppStore|iPhoneSimulator.ActiveCfg = AppStore|iPhoneSimulator
		{C39E8CBD-8807-47E8-98C3-B0DB4F677209}.AppStore|iPhoneSimulator.Build.0 = AppStore|iPhoneSimulator
		{C39E8CBD-8807-47E8-98C3-B0DB4F677209}.AppStore|x64.ActiveCfg = AppStore|iPhone
		{C39E8CBD-8807-47E8-98C3-B0DB4F677209}.AppStore|x86.ActiveCfg = AppStore|iPhone
		{C39E8CBD-8807-47E8-98C3-B0DB4F677209}.Debug|Any CPU.ActiveCfg = Debug|iPhone
		{C39E8CBD-8807-47E8-98C3-B0DB4F677209}.Debug|ARM.ActiveCfg = Debug|iPhone
		{C39E8CBD-8807-47E8-98C3-B0DB4F677209}.Debug|iPhone.ActiveCfg = Debug|iPhone
		{C39E8CBD-8807-47E8-98C3-B0DB4F677209}.Debug|iPhone.Build.0 = Debug|iPhone
		{C39E8CBD-8807-47E8-98C3-B0DB4F677209}.Debug|iPhoneSimulator.ActiveCfg = Debug|iPhoneSimulator
		{C39E8CBD-8807-47E8-98C3-B0DB4F677209}.Debug|iPhoneSimulator.Build.0 = Debug|iPhoneSimulator
		{C39E8CBD-8807-47E8-98C3-B0DB4F677209}.Debug|x64.ActiveCfg = Debug|iPhone
		{C39E8CBD-8807-47E8-98C3-B0DB4F677209}.Debug|x86.ActiveCfg = Debug|iPhone
		{C39E8CBD-8807-47E8-98C3-B0DB4F677209}.Release|Any CPU.ActiveCfg = Release|iPhone
		{C39E8CBD-8807-47E8-98C3-B0DB4F677209}.Release|ARM.ActiveCfg = Release|iPhone
		{C39E8CBD-8807-47E8-98C3-B0DB4F677209}.Release|iPhone.ActiveCfg = Release|iPhone
		{C39E8CBD-8807-47E8-98C3-B0DB4F677209}.Release|iPhone.Build.0 = Release|iPhone
		{C39E8CBD-8807-47E8-98C3-B0DB4F677209}.Release|iPhoneSimulator.ActiveCfg = Release|iPhoneSimulator
		{C39E8CBD-8807-47E8-98C3-B0DB4F677209}.Release|iPhoneSimulator.Build.0 = Release|iPhoneSimulator
		{C39E8CBD-8807-47E8-98C3-B0DB4F677209}.Release|x64.ActiveCfg = Release|iPhone
		{C39E8CBD-8807-47E8-98C3-B0DB4F677209}.Release|x86.ActiveCfg = Release|iPhone
		{2E41D109-AFFA-4EF8-B5D9-2BD7A0AC8F91}.Ad-Hoc|Any CPU.ActiveCfg = Release|x86
		{2E41D109-AFFA-4EF8-B5D9-2BD7A0AC8F91}.Ad-Hoc|Any CPU.Build.0 = Release|x86
		{2E41D109-AFFA-4EF8-B5D9-2BD7A0AC8F91}.Ad-Hoc|Any CPU.Deploy.0 = Release|x86
		{2E41D109-AFFA-4EF8-B5D9-2BD7A0AC8F91}.Ad-Hoc|ARM.ActiveCfg = Release|ARM
		{2E41D109-AFFA-4EF8-B5D9-2BD7A0AC8F91}.Ad-Hoc|ARM.Build.0 = Release|ARM
		{2E41D109-AFFA-4EF8-B5D9-2BD7A0AC8F91}.Ad-Hoc|ARM.Deploy.0 = Release|ARM
		{2E41D109-AFFA-4EF8-B5D9-2BD7A0AC8F91}.Ad-Hoc|iPhone.ActiveCfg = Release|x86
		{2E41D109-AFFA-4EF8-B5D9-2BD7A0AC8F91}.Ad-Hoc|iPhone.Build.0 = Release|x86
		{2E41D109-AFFA-4EF8-B5D9-2BD7A0AC8F91}.Ad-Hoc|iPhone.Deploy.0 = Release|x86
		{2E41D109-AFFA-4EF8-B5D9-2BD7A0AC8F91}.Ad-Hoc|iPhoneSimulator.ActiveCfg = Release|x86
		{2E41D109-AFFA-4EF8-B5D9-2BD7A0AC8F91}.Ad-Hoc|iPhoneSimulator.Build.0 = Release|x86
		{2E41D109-AFFA-4EF8-B5D9-2BD7A0AC8F91}.Ad-Hoc|iPhoneSimulator.Deploy.0 = Release|x86
		{2E41D109-AFFA-4EF8-B5D9-2BD7A0AC8F91}.Ad-Hoc|x64.ActiveCfg = Release|x64
		{2E41D109-AFFA-4EF8-B5D9-2BD7A0AC8F91}.Ad-Hoc|x64.Build.0 = Release|x64
		{2E41D109-AFFA-4EF8-B5D9-2BD7A0AC8F91}.Ad-Hoc|x64.Deploy.0 = Release|x64
		{2E41D109-AFFA-4EF8-B5D9-2BD7A0AC8F91}.Ad-Hoc|x86.ActiveCfg = Release|x86
		{2E41D109-AFFA-4EF8-B5D9-2BD7A0AC8F91}.Ad-Hoc|x86.Build.0 = Release|x86
		{2E41D109-AFFA-4EF8-B5D9-2BD7A0AC8F91}.Ad-Hoc|x86.Deploy.0 = Release|x86
		{2E41D109-AFFA-4EF8-B5D9-2BD7A0AC8F91}.AppStore|Any CPU.ActiveCfg = Release|x86
		{2E41D109-AFFA-4EF8-B5D9-2BD7A0AC8F91}.AppStore|Any CPU.Build.0 = Release|x86
		{2E41D109-AFFA-4EF8-B5D9-2BD7A0AC8F91}.AppStore|Any CPU.Deploy.0 = Release|x86
		{2E41D109-AFFA-4EF8-B5D9-2BD7A0AC8F91}.AppStore|ARM.ActiveCfg = Release|ARM
		{2E41D109-AFFA-4EF8-B5D9-2BD7A0AC8F91}.AppStore|ARM.Build.0 = Release|ARM
		{2E41D109-AFFA-4EF8-B5D9-2BD7A0AC8F91}.AppStore|ARM.Deploy.0 = Release|ARM
		{2E41D109-AFFA-4EF8-B5D9-2BD7A0AC8F91}.AppStore|iPhone.ActiveCfg = Release|x86
		{2E41D109-AFFA-4EF8-B5D9-2BD7A0AC8F91}.AppStore|iPhone.Build.0 = Release|x86
		{2E41D109-AFFA-4EF8-B5D9-2BD7A0AC8F91}.AppStore|iPhone.Deploy.0 = Release|x86
		{2E41D109-AFFA-4EF8-B5D9-2BD7A0AC8F91}.AppStore|iPhoneSimulator.ActiveCfg = Release|x86
		{2E41D109-AFFA-4EF8-B5D9-2BD7A0AC8F91}.AppStore|iPhoneSimulator.Build.0 = Release|x86
		{2E41D109-AFFA-4EF8-B5D9-2BD7A0AC8F91}.AppStore|iPhoneSimulator.Deploy.0 = Release|x86
		{2E41D109-AFFA-4EF8-B5D9-2BD7A0AC8F91}.AppStore|x64.ActiveCfg = Release|x64
		{2E41D109-AFFA-4EF8-B5D9-2BD7A0AC8F91}.AppStore|x64.Build.0 = Release|x64
		{2E41D109-AFFA-4EF8-B5D9-2BD7A0AC8F91}.AppStore|x64.Deploy.0 = Release|x64
		{2E41D109-AFFA-4EF8-B5D9-2BD7A0AC8F91}.AppStore|x86.ActiveCfg = Release|x86
		{2E41D109-AFFA-4EF8-B5D9-2BD7A0AC8F91}.AppStore|x86.Build.0 = Release|x86
		{2E41D109-AFFA-4EF8-B5D9-2BD7A0AC8F91}.AppStore|x86.Deploy.0 = Release|x86
		{2E41D109-AFFA-4EF8-B5D9-2BD7A0AC8F91}.Debug|Any CPU.ActiveCfg = Debug|x86
		{2E41D109-AFFA-4EF8-B5D9-2BD7A0AC8F91}.Debug|Any CPU.Build.0 = Debug|x86
		{2E41D109-AFFA-4EF8-B5D9-2BD7A0AC8F91}.Debug|Any CPU.Deploy.0 = Debug|x86
		{2E41D109-AFFA-4EF8-B5D9-2BD7A0AC8F91}.Debug|ARM.ActiveCfg = Debug|ARM
		{2E41D109-AFFA-4EF8-B5D9-2BD7A0AC8F91}.Debug|ARM.Build.0 = Debug|ARM
		{2E41D109-AFFA-4EF8-B5D9-2BD7A0AC8F91}.Debug|ARM.Deploy.0 = Debug|ARM
		{2E41D109-AFFA-4EF8-B5D9-2BD7A0AC8F91}.Debug|iPhone.ActiveCfg = Debug|x86
		{2E41D109-AFFA-4EF8-B5D9-2BD7A0AC8F91}.Debug|iPhoneSimulator.ActiveCfg = Debug|x86
		{2E41D109-AFFA-4EF8-B5D9-2BD7A0AC8F91}.Debug|x64.ActiveCfg = Debug|x64
		{2E41D109-AFFA-4EF8-B5D9-2BD7A0AC8F91}.Debug|x64.Build.0 = Debug|x64
		{2E41D109-AFFA-4EF8-B5D9-2BD7A0AC8F91}.Debug|x64.Deploy.0 = Debug|x64
		{2E41D109-AFFA-4EF8-B5D9-2BD7A0AC8F91}.Debug|x86.ActiveCfg = Debug|x86
		{2E41D109-AFFA-4EF8-B5D9-2BD7A0AC8F91}.Debug|x86.Build.0 = Debug|x86
		{2E41D109-AFFA-4EF8-B5D9-2BD7A0AC8F91}.Debug|x86.Deploy.0 = Debug|x86
		{2E41D109-AFFA-4EF8-B5D9-2BD7A0AC8F91}.Release|Any CPU.ActiveCfg = Release|x86
		{2E41D109-AFFA-4EF8-B5D9-2BD7A0AC8F91}.Release|ARM.ActiveCfg = Release|ARM
		{2E41D109-AFFA-4EF8-B5D9-2BD7A0AC8F91}.Release|ARM.Build.0 = Release|ARM
		{2E41D109-AFFA-4EF8-B5D9-2BD7A0AC8F91}.Release|ARM.Deploy.0 = Release|ARM
		{2E41D109-AFFA-4EF8-B5D9-2BD7A0AC8F91}.Release|iPhone.ActiveCfg = Release|x86
		{2E41D109-AFFA-4EF8-B5D9-2BD7A0AC8F91}.Release|iPhoneSimulator.ActiveCfg = Release|x86
		{2E41D109-AFFA-4EF8-B5D9-2BD7A0AC8F91}.Release|x64.ActiveCfg = Release|x64
		{2E41D109-AFFA-4EF8-B5D9-2BD7A0AC8F91}.Release|x64.Build.0 = Release|x64
		{2E41D109-AFFA-4EF8-B5D9-2BD7A0AC8F91}.Release|x64.Deploy.0 = Release|x64
		{2E41D109-AFFA-4EF8-B5D9-2BD7A0AC8F91}.Release|x86.ActiveCfg = Release|x86
		{2E41D109-AFFA-4EF8-B5D9-2BD7A0AC8F91}.Release|x86.Build.0 = Release|x86
		{2E41D109-AFFA-4EF8-B5D9-2BD7A0AC8F91}.Release|x86.Deploy.0 = Release|x86
		{89D8B8E8-3F7B-476F-99A8-1720E328B353}.Ad-Hoc|Any CPU.ActiveCfg = Debug|Any CPU
		{89D8B8E8-3F7B-476F-99A8-1720E328B353}.Ad-Hoc|Any CPU.Build.0 = Debug|Any CPU
		{89D8B8E8-3F7B-476F-99A8-1720E328B353}.Ad-Hoc|ARM.ActiveCfg = Debug|Any CPU
		{89D8B8E8-3F7B-476F-99A8-1720E328B353}.Ad-Hoc|ARM.Build.0 = Debug|Any CPU
		{89D8B8E8-3F7B-476F-99A8-1720E328B353}.Ad-Hoc|iPhone.ActiveCfg = Debug|Any CPU
		{89D8B8E8-3F7B-476F-99A8-1720E328B353}.Ad-Hoc|iPhone.Build.0 = Debug|Any CPU
		{89D8B8E8-3F7B-476F-99A8-1720E328B353}.Ad-Hoc|iPhoneSimulator.ActiveCfg = Debug|Any CPU
		{89D8B8E8-3F7B-476F-99A8-1720E328B353}.Ad-Hoc|iPhoneSimulator.Build.0 = Debug|Any CPU
		{89D8B8E8-3F7B-476F-99A8-1720E328B353}.Ad-Hoc|x64.ActiveCfg = Debug|Any CPU
		{89D8B8E8-3F7B-476F-99A8-1720E328B353}.Ad-Hoc|x64.Build.0 = Debug|Any CPU
		{89D8B8E8-3F7B-476F-99A8-1720E328B353}.Ad-Hoc|x86.ActiveCfg = Debug|Any CPU
		{89D8B8E8-3F7B-476F-99A8-1720E328B353}.Ad-Hoc|x86.Build.0 = Debug|Any CPU
		{89D8B8E8-3F7B-476F-99A8-1720E328B353}.AppStore|Any CPU.ActiveCfg = Debug|Any CPU
		{89D8B8E8-3F7B-476F-99A8-1720E328B353}.AppStore|Any CPU.Build.0 = Debug|Any CPU
		{89D8B8E8-3F7B-476F-99A8-1720E328B353}.AppStore|ARM.ActiveCfg = Debug|Any CPU
		{89D8B8E8-3F7B-476F-99A8-1720E328B353}.AppStore|ARM.Build.0 = Debug|Any CPU
		{89D8B8E8-3F7B-476F-99A8-1720E328B353}.AppStore|iPhone.ActiveCfg = Debug|Any CPU
		{89D8B8E8-3F7B-476F-99A8-1720E328B353}.AppStore|iPhone.Build.0 = Debug|Any CPU
		{89D8B8E8-3F7B-476F-99A8-1720E328B353}.AppStore|iPhoneSimulator.ActiveCfg = Debug|Any CPU
		{89D8B8E8-3F7B-476F-99A8-1720E328B353}.AppStore|iPhoneSimulator.Build.0 = Debug|Any CPU
		{89D8B8E8-3F7B-476F-99A8-1720E328B353}.AppStore|x64.ActiveCfg = Debug|Any CPU
		{89D8B8E8-3F7B-476F-99A8-1720E328B353}.AppStore|x64.Build.0 = Debug|Any CPU
		{89D8B8E8-3F7B-476F-99A8-1720E328B353}.AppStore|x86.ActiveCfg = Debug|Any CPU
		{89D8B8E8-3F7B-476F-99A8-1720E328B353}.AppStore|x86.Build.0 = Debug|Any CPU
		{89D8B8E8-3F7B-476F-99A8-1720E328B353}.Debug|Any CPU.ActiveCfg = Debug|Any CPU
		{89D8B8E8-3F7B-476F-99A8-1720E328B353}.Debug|Any CPU.Build.0 = Debug|Any CPU
		{89D8B8E8-3F7B-476F-99A8-1720E328B353}.Debug|ARM.ActiveCfg = Debug|Any CPU
		{89D8B8E8-3F7B-476F-99A8-1720E328B353}.Debug|ARM.Build.0 = Debug|Any CPU
		{89D8B8E8-3F7B-476F-99A8-1720E328B353}.Debug|iPhone.ActiveCfg = Debug|Any CPU
		{89D8B8E8-3F7B-476F-99A8-1720E328B353}.Debug|iPhone.Build.0 = Debug|Any CPU
		{89D8B8E8-3F7B-476F-99A8-1720E328B353}.Debug|iPhoneSimulator.ActiveCfg = Debug|Any CPU
		{89D8B8E8-3F7B-476F-99A8-1720E328B353}.Debug|iPhoneSimulator.Build.0 = Debug|Any CPU
		{89D8B8E8-3F7B-476F-99A8-1720E328B353}.Debug|x64.ActiveCfg = Debug|Any CPU
		{89D8B8E8-3F7B-476F-99A8-1720E328B353}.Debug|x64.Build.0 = Debug|Any CPU
		{89D8B8E8-3F7B-476F-99A8-1720E328B353}.Debug|x86.ActiveCfg = Debug|Any CPU
		{89D8B8E8-3F7B-476F-99A8-1720E328B353}.Debug|x86.Build.0 = Debug|Any CPU
		{89D8B8E8-3F7B-476F-99A8-1720E328B353}.Release|Any CPU.ActiveCfg = Release|Any CPU
		{89D8B8E8-3F7B-476F-99A8-1720E328B353}.Release|Any CPU.Build.0 = Release|Any CPU
		{89D8B8E8-3F7B-476F-99A8-1720E328B353}.Release|ARM.ActiveCfg = Release|Any CPU
		{89D8B8E8-3F7B-476F-99A8-1720E328B353}.Release|ARM.Build.0 = Release|Any CPU
		{89D8B8E8-3F7B-476F-99A8-1720E328B353}.Release|iPhone.ActiveCfg = Release|Any CPU
		{89D8B8E8-3F7B-476F-99A8-1720E328B353}.Release|iPhone.Build.0 = Release|Any CPU
		{89D8B8E8-3F7B-476F-99A8-1720E328B353}.Release|iPhoneSimulator.ActiveCfg = Release|Any CPU
		{89D8B8E8-3F7B-476F-99A8-1720E328B353}.Release|iPhoneSimulator.Build.0 = Release|Any CPU
		{89D8B8E8-3F7B-476F-99A8-1720E328B353}.Release|x64.ActiveCfg = Release|Any CPU
		{89D8B8E8-3F7B-476F-99A8-1720E328B353}.Release|x64.Build.0 = Release|Any CPU
		{89D8B8E8-3F7B-476F-99A8-1720E328B353}.Release|x86.ActiveCfg = Release|Any CPU
		{89D8B8E8-3F7B-476F-99A8-1720E328B353}.Release|x86.Build.0 = Release|Any CPU
	EndGlobalSection
	GlobalSection(SolutionProperties) = preSolution
		HideSolutionNode = FALSE
	EndGlobalSection
	GlobalSection(ExtensibilityGlobals) = postSolution
		SolutionGuid = {A310D1A3-8495-48EF-B7B6-66A45B1F7254}
	EndGlobalSection
EndGlobal
